{
  "name": "leiawebglsdk",
  "version": "1.0.7",
  "lockfileVersion": 1,
  "requires": true,
  "dependencies": {
    "node-fetch": {
      "version": "2.6.1",
      "resolved": "https://registry.npmjs.org/node-fetch/-/node-fetch-2.6.1.tgz",
      "integrity": "sha512-V4aYg89jEoVRxRb2fJdAg8FHvI7cEyYdVAh94HH0UIK8oJxUfkjlDQN9RbMx+bEjP7+ggMiFRprSti032Oipxw=="
    },
    "twgl.js": {
      "version": "4.19.2",
      "resolved": "https://registry.npmjs.org/twgl.js/-/twgl.js-4.19.2.tgz",
      "integrity": "sha512-dK58dWDJyDyfJVTywpkb2cgqenFiMYqXXMQAp9AOO7Ed0zQ6K6HOjg9mjoWvk01sdSbd6O2Y6FG/M1SW25X+iQ=="
    }
  }
}
